
Microsoft Visual Studio Solution File, Format Version 12.00
# Visual Studio 2012
Project("{FAE04EC0-301F-11D3-BF4B-00C04F79EFBC}") = "tanya_orders", "tanya_orders\tanya_orders.csproj", "{FDF882CE-5527-41EE-BF60-CB24CB24CB6D}"
EndProject
Project("{FAE04EC0-301F-11D3-BF4B-00C04F79EFBC}") = "ShippingCustomerUnitTests", "ordertest2\ShippingCustomerUnitTests.csproj", "{FE92CFCD-5BBC-4E9D-964D-41F1267D7926}"
EndProject
Project("{FAE04EC0-301F-11D3-BF4B-00C04F79EFBC}") = "LineOrderUnitTests", "LineOrderUnitTests\LineOrderUnitTests.csproj", "{02A9E421-E6F6-4349-89DF-85259178516D}"
EndProject
Project("{FAE04EC0-301F-11D3-BF4B-00C04F79EFBC}") = "ordersAPI", "ordersAPI\ordersAPI.csproj", "{5A407D47-D871-4F7C-B664-699CE7CA44D6}"
EndProject
Project("{FAE04EC0-301F-11D3-BF4B-00C04F79EFBC}") = "orders_library", "orders_library\orders_library.csproj", "{A122296A-3D5D-4D72-95FD-0A8DF52B690C}"
EndProject
Project("{2150E333-8FDC-42A3-9474-1A3956D46DE8}") = "UnitTests", "UnitTests", "{FA1EF4D4-EBEF-4A90-8E84-3C47F6D2E32A}"
EndProject
Global
	GlobalSection(SolutionConfigurationPlatforms) = preSolution
		Debug|Any CPU = Debug|Any CPU
		Release|Any CPU = Release|Any CPU
	EndGlobalSection
	GlobalSection(ProjectConfigurationPlatforms) = postSolution
		{FDF882CE-5527-41EE-BF60-CB24CB24CB6D}.Debug|Any CPU.ActiveCfg = Debug|Any CPU
		{FDF882CE-5527-41EE-BF60-CB24CB24CB6D}.Debug|Any CPU.Build.0 = Debug|Any CPU
		{FDF882CE-5527-41EE-BF60-CB24CB24CB6D}.Release|Any CPU.ActiveCfg = Release|Any CPU
		{FDF882CE-5527-41EE-BF60-CB24CB24CB6D}.Release|Any CPU.Build.0 = Release|Any CPU
		{FE92CFCD-5BBC-4E9D-964D-41F1267D7926}.Debug|Any CPU.ActiveCfg = Debug|Any CPU
		{FE92CFCD-5BBC-4E9D-964D-41F1267D7926}.Debug|Any CPU.Build.0 = Debug|Any CPU
		{FE92CFCD-5BBC-4E9D-964D-41F1267D7926}.Release|Any CPU.ActiveCfg = Release|Any CPU
		{FE92CFCD-5BBC-4E9D-964D-41F1267D7926}.Release|Any CPU.Build.0 = Release|Any CPU
		{02A9E421-E6F6-4349-89DF-85259178516D}.Debug|Any CPU.ActiveCfg = Debug|Any CPU
		{02A9E421-E6F6-4349-89DF-85259178516D}.Debug|Any CPU.Build.0 = Debug|Any CPU
		{02A9E421-E6F6-4349-89DF-85259178516D}.Release|Any CPU.ActiveCfg = Release|Any CPU
		{02A9E421-E6F6-4349-89DF-85259178516D}.Release|Any CPU.Build.0 = Release|Any CPU
		{5A407D47-D871-4F7C-B664-699CE7CA44D6}.Debug|Any CPU.ActiveCfg = Debug|Any CPU
		{5A407D47-D871-4F7C-B664-699CE7CA44D6}.Debug|Any CPU.Build.0 = Debug|Any CPU
		{5A407D47-D871-4F7C-B664-699CE7CA44D6}.Release|Any CPU.ActiveCfg = Release|Any CPU
		{5A407D47-D871-4F7C-B664-699CE7CA44D6}.Release|Any CPU.Build.0 = Release|Any CPU
		{A122296A-3D5D-4D72-95FD-0A8DF52B690C}.Debug|Any CPU.ActiveCfg = Debug|Any CPU
		{A122296A-3D5D-4D72-95FD-0A8DF52B690C}.Debug|Any CPU.Build.0 = Debug|Any CPU
		{A122296A-3D5D-4D72-95FD-0A8DF52B690C}.Release|Any CPU.ActiveCfg = Release|Any CPU
		{A122296A-3D5D-4D72-95FD-0A8DF52B690C}.Release|Any CPU.Build.0 = Release|Any CPU
	EndGlobalSection
	GlobalSection(NestedProjects) = preSolution
		{02A9E421-E6F6-4349-89DF-85259178516D} = {FA1EF4D4-EBEF-4A90-8E84-3C47F6D2E32A}
		{FE92CFCD-5BBC-4E9D-964D-41F1267D7926} = {FA1EF4D4-EBEF-4A90-8E84-3C47F6D2E32A}
	EndGlobalSection
EndGlobal
